
Microsoft Visual Studio Solution File, Format Version 12.00
# Visual Studio Version 17
VisualStudioVersion = 17.9.34902.65
MinimumVisualStudioVersion = 10.0.40219.1
Project("{FAE04EC0-301F-11D3-BF4B-00C04F79EFBC}") = "GitHubApi_ActivityTaskAsync", "GitHubApi_ActivityTaskAsync.csproj", "{6BDD0756-842E-4612-AE13-DBD7B5C89CF4}"
EndProject
Global
	GlobalSection(SolutionConfigurationPlatforms) = preSolution
		Debug|Any CPU = Debug|Any CPU
		Release|Any CPU = Release|Any CPU
	EndGlobalSection
	GlobalSection(ProjectConfigurationPlatforms) = postSolution
		{6BDD0756-842E-4612-AE13-DBD7B5C89CF4}.Debug|Any CPU.ActiveCfg = Debug|Any CPU
		{6BDD0756-842E-4612-AE13-DBD7B5C89CF4}.Debug|Any CPU.Build.0 = Debug|Any CPU
		{6BDD0756-842E-4612-AE13-DBD7B5C89CF4}.Release|Any CPU.ActiveCfg = Release|Any CPU
		{6BDD0756-842E-4612-AE13-DBD7B5C89CF4}.Release|Any CPU.Build.0 = Release|Any CPU
	EndGlobalSection
	GlobalSection(SolutionProperties) = preSolution
		HideSolutionNode = FALSE
	EndGlobalSection
	GlobalSection(ExtensibilityGlobals) = postSolution
		SolutionGuid = {43F763BB-0AA8-4610-8AB0-6B3BAFC09155}
	EndGlobalSection
EndGlobal
